
Microsoft Visual Studio Solution File, Format Version 12.00
# Visual Studio Version 16
VisualStudioVersion = 16.0.29306.81
MinimumVisualStudioVersion = 10.0.40219.1
Project("{FAE04EC0-301F-11D3-BF4B-00C04F79EFBC}") = "GeekGrapher", "GeekGrapher\GeekGrapher.csproj", "{27D1CA6A-EC23-4D43-B1B9-80510FACBAE9}"
EndProject
Project("{FAE04EC0-301F-11D3-BF4B-00C04F79EFBC}") = "FractalCore", "FractalCore\FractalCore.csproj", "{51FE4B3E-D75C-43D6-9CA4-22853E64D913}"
EndProject
Global
	GlobalSection(SolutionConfigurationPlatforms) = preSolution
		Debug|Any CPU = Debug|Any CPU
		Release|Any CPU = Release|Any CPU
	EndGlobalSection
	GlobalSection(ProjectConfigurationPlatforms) = postSolution
		{27D1CA6A-EC23-4D43-B1B9-80510FACBAE9}.Debug|Any CPU.ActiveCfg = Debug|Any CPU
		{27D1CA6A-EC23-4D43-B1B9-80510FACBAE9}.Debug|Any CPU.Build.0 = Debug|Any CPU
		{27D1CA6A-EC23-4D43-B1B9-80510FACBAE9}.Release|Any CPU.ActiveCfg = Release|Any CPU
		{27D1CA6A-EC23-4D43-B1B9-80510FACBAE9}.Release|Any CPU.Build.0 = Release|Any CPU
		{51FE4B3E-D75C-43D6-9CA4-22853E64D913}.Debug|Any CPU.ActiveCfg = Debug|Any CPU
		{51FE4B3E-D75C-43D6-9CA4-22853E64D913}.Debug|Any CPU.Build.0 = Debug|Any CPU
		{51FE4B3E-D75C-43D6-9CA4-22853E64D913}.Release|Any CPU.ActiveCfg = Release|Any CPU
		{51FE4B3E-D75C-43D6-9CA4-22853E64D913}.Release|Any CPU.Build.0 = Release|Any CPU
	EndGlobalSection
	GlobalSection(SolutionProperties) = preSolution
		HideSolutionNode = FALSE
	EndGlobalSection
	GlobalSection(ExtensibilityGlobals) = postSolution
		SolutionGuid = {D4F899FE-02F9-449B-A6A7-AD53162CEA4F}
	EndGlobalSection
EndGlobal
